
Microsoft Visual Studio Solution File, Format Version 12.00
# Visual Studio Version 17
VisualStudioVersion = 17.8.34330.188
MinimumVisualStudioVersion = 10.0.40219.1
Project("{FAE04EC0-301F-11D3-BF4B-00C04F79EFBC}") = "StockAnalyzer.App", "StockAnalyzer.App\StockAnalyzer.App.csproj", "{577B3871-1846-440E-BFF2-3DE91CD3D763}"
EndProject
Project("{FAE04EC0-301F-11D3-BF4B-00C04F79EFBC}") = "StockAnalyzer.Processor", "StockAnalyzer.Processor\StockAnalyzer.Processor.csproj", "{DA6B42E6-1477-4747-ABE6-CEC89EF486DB}"
EndProject
Project("{FAE04EC0-301F-11D3-BF4B-00C04F79EFBC}") = "StockAnalyzer.Benchmarks", "StockAnalyzer.Benchmarks\StockAnalyzer.Benchmarks.csproj", "{DFC58FA1-6617-4CCC-A133-CACAB45988DC}"
EndProject
Global
	GlobalSection(SolutionConfigurationPlatforms) = preSolution
		Debug|Any CPU = Debug|Any CPU
		Release|Any CPU = Release|Any CPU
	EndGlobalSection
	GlobalSection(ProjectConfigurationPlatforms) = postSolution
		{577B3871-1846-440E-BFF2-3DE91CD3D763}.Debug|Any CPU.ActiveCfg = Debug|Any CPU
		{577B3871-1846-440E-BFF2-3DE91CD3D763}.Debug|Any CPU.Build.0 = Debug|Any CPU
		{577B3871-1846-440E-BFF2-3DE91CD3D763}.Release|Any CPU.ActiveCfg = Release|Any CPU
		{577B3871-1846-440E-BFF2-3DE91CD3D763}.Release|Any CPU.Build.0 = Release|Any CPU
		{DA6B42E6-1477-4747-ABE6-CEC89EF486DB}.Debug|Any CPU.ActiveCfg = Debug|Any CPU
		{DA6B42E6-1477-4747-ABE6-CEC89EF486DB}.Debug|Any CPU.Build.0 = Debug|Any CPU
		{DA6B42E6-1477-4747-ABE6-CEC89EF486DB}.Release|Any CPU.ActiveCfg = Release|Any CPU
		{DA6B42E6-1477-4747-ABE6-CEC89EF486DB}.Release|Any CPU.Build.0 = Release|Any CPU
		{DFC58FA1-6617-4CCC-A133-CACAB45988DC}.Debug|Any CPU.ActiveCfg = Debug|Any CPU
		{DFC58FA1-6617-4CCC-A133-CACAB45988DC}.Debug|Any CPU.Build.0 = Debug|Any CPU
		{DFC58FA1-6617-4CCC-A133-CACAB45988DC}.Release|Any CPU.ActiveCfg = Release|Any CPU
		{DFC58FA1-6617-4CCC-A133-CACAB45988DC}.Release|Any CPU.Build.0 = Release|Any CPU
	EndGlobalSection
	GlobalSection(SolutionProperties) = preSolution
		HideSolutionNode = FALSE
	EndGlobalSection
	GlobalSection(ExtensibilityGlobals) = postSolution
		SolutionGuid = {B098594E-B1FD-4274-BD39-BF22EAB38FB8}
	EndGlobalSection
EndGlobal
